
Microsoft Visual Studio Solution File, Format Version 12.00
# Visual Studio 15
VisualStudioVersion = 15.0.28307.757
MinimumVisualStudioVersion = 10.0.40219.1
Project("{FAE04EC0-301F-11D3-BF4B-00C04F79EFBC}") = "ToddlerScanV2.Android", "ToddlerScanV2\ToddlerScanV2.Android\ToddlerScanV2.Android.csproj", "{1754600E-1CFC-4350-92A1-600F075B9C7C}"
EndProject
Project("{FAE04EC0-301F-11D3-BF4B-00C04F79EFBC}") = "ToddlerScanV2", "ToddlerScanV2\ToddlerScanV2\ToddlerScanV2.csproj", "{178BE1C3-869F-4C1A-A792-BD09B867E5AD}"
EndProject
Global
	GlobalSection(SolutionConfigurationPlatforms) = preSolution
		Debug|Any CPU = Debug|Any CPU
		Release|Any CPU = Release|Any CPU
	EndGlobalSection
	GlobalSection(ProjectConfigurationPlatforms) = postSolution
		{1754600E-1CFC-4350-92A1-600F075B9C7C}.Debug|Any CPU.ActiveCfg = Debug|Any CPU
		{1754600E-1CFC-4350-92A1-600F075B9C7C}.Debug|Any CPU.Build.0 = Debug|Any CPU
		{1754600E-1CFC-4350-92A1-600F075B9C7C}.Debug|Any CPU.Deploy.0 = Debug|Any CPU
		{1754600E-1CFC-4350-92A1-600F075B9C7C}.Release|Any CPU.ActiveCfg = Release|Any CPU
		{1754600E-1CFC-4350-92A1-600F075B9C7C}.Release|Any CPU.Build.0 = Release|Any CPU
		{1754600E-1CFC-4350-92A1-600F075B9C7C}.Release|Any CPU.Deploy.0 = Release|Any CPU
		{178BE1C3-869F-4C1A-A792-BD09B867E5AD}.Debug|Any CPU.ActiveCfg = Debug|Any CPU
		{178BE1C3-869F-4C1A-A792-BD09B867E5AD}.Debug|Any CPU.Build.0 = Debug|Any CPU
		{178BE1C3-869F-4C1A-A792-BD09B867E5AD}.Debug|Any CPU.Deploy.0 = Debug|Any CPU
		{178BE1C3-869F-4C1A-A792-BD09B867E5AD}.Release|Any CPU.ActiveCfg = Release|Any CPU
		{178BE1C3-869F-4C1A-A792-BD09B867E5AD}.Release|Any CPU.Build.0 = Release|Any CPU
		{178BE1C3-869F-4C1A-A792-BD09B867E5AD}.Release|Any CPU.Deploy.0 = Release|Any CPU
	EndGlobalSection
	GlobalSection(SolutionProperties) = preSolution
		HideSolutionNode = FALSE
	EndGlobalSection
	GlobalSection(ExtensibilityGlobals) = postSolution
		SolutionGuid = {9A958857-8DF5-4390-A338-3FE5062BC103}
	EndGlobalSection
EndGlobal
